
Microsoft Visual Studio Solution File, Format Version 12.00
# Visual Studio 15
VisualStudioVersion = 15.0.28010.2036
MinimumVisualStudioVersion = 10.0.40219.1
Project("{FAE04EC0-301F-11D3-BF4B-00C04F79EFBC}") = "IdentityService", "IdentityService\IdentityService.csproj", "{07370E16-211B-418D-9B87-756EE60DEC48}"
EndProject
Global
	GlobalSection(SolutionConfigurationPlatforms) = preSolution
		Debug|Any CPU = Debug|Any CPU
		Release|Any CPU = Release|Any CPU
	EndGlobalSection
	GlobalSection(ProjectConfigurationPlatforms) = postSolution
		{07370E16-211B-418D-9B87-756EE60DEC48}.Debug|Any CPU.ActiveCfg = Debug|Any CPU
		{07370E16-211B-418D-9B87-756EE60DEC48}.Debug|Any CPU.Build.0 = Debug|Any CPU
		{07370E16-211B-418D-9B87-756EE60DEC48}.Release|Any CPU.ActiveCfg = Release|Any CPU
		{07370E16-211B-418D-9B87-756EE60DEC48}.Release|Any CPU.Build.0 = Release|Any CPU
	EndGlobalSection
	GlobalSection(SolutionProperties) = preSolution
		HideSolutionNode = FALSE
	EndGlobalSection
	GlobalSection(ExtensibilityGlobals) = postSolution
		SolutionGuid = {E0A971DA-F457-4579-8CE1-9E9C770B4CF8}
	EndGlobalSection
EndGlobal
